Microsoft Visual Studio Solution File, Format Version 12.00
# Visual Studio Version 17
VisualStudioVersion = 17.0.31606.5
MinimumVisualStudioVersion = 10.0.40219.1
Project("{9A19103F-16F7-4668-BE54-9A1E7A4F7556}") = "Cirilla.Core.Test", "src\Cirilla.Core.Test\Cirilla.Core.Test.csproj", "{504B74E1-6B52-4710-AB83-F08CD8B08782}"
EndProject
Project("{2150E333-8FDC-42A3-9474-1A3956D46DE8}") = "Tools", "Tools", "{DDC1458A-C3E0-41E1-A78C-0ABB9A4ABF41}"
EndProject
Project("{9A19103F-16F7-4668-BE54-9A1E7A4F7556}") = "Cirilla", "src\Cirilla\Cirilla.csproj", "{FD8304BD-F468-4229-8627-543085351B56}"
EndProject
Project("{9A19103F-16F7-4668-BE54-9A1E7A4F7556}") = "Cirilla.Core", "src\Cirilla.Core\Cirilla.Core.csproj", "{90A5C5B9-B375-4966-8D78-8FEFFC4965C3}"
EndProject
Project("{9A19103F-16F7-4668-BE54-9A1E7A4F7556}") = "GMDTool", "src\GMDTool\GMDTool.csproj", "{2CFDDD6E-E73F-4EAB-B15D-B45A56CE2C39}"
EndProject
Project("{9A19103F-16F7-4668-BE54-9A1E7A4F7556}") = "FaceEditPalette", "src\FaceEditPalette\FaceEditPalette.csproj", "{0BC469D8-2521-40EE-82F8-3510FBEAFF67}"
EndProject
Project("{9A19103F-16F7-4668-BE54-9A1E7A4F7556}") = "Cirilla.Avalonia", "src\Cirilla.Avalonia\Cirilla.Avalonia.csproj", "{D59A0064-A374-46EA-A8CE-4CA16FD9F1CE}"
EndProject
Project("{9A19103F-16F7-4668-BE54-9A1E7A4F7556}") = "Cirilla.WPF", "src\Cirilla.WPF\Cirilla.WPF.csproj", "{3EB1B693-2035-4016-8F38-03AE7A688FF7}"
EndProject
Project("{9A19103F-16F7-4668-BE54-9A1E7A4F7556}") = "Cirilla.MVVM", "src\Cirilla.MVVM\Cirilla.MVVM.csproj", "{6F9B889E-5D63-4947-ACEB-FCEF2FD9F000}"
EndProject
Project("{9A19103F-16F7-4668-BE54-9A1E7A4F7556}") = "GstTool", "src\GstTool\GstTool.csproj", "{942BB253-21BB-4313-B6C8-66C48C81E0DC}"
EndProject
Project("{9A19103F-16F7-4668-BE54-9A1E7A4F7556}") = "Cirilla.Moji", "src\Cirilla.Moji\Cirilla.Moji.csproj", "{743F2580-1E3E-43D4-BC3E-EA9D3805D28D}"
EndProject
Project("{9A19103F-16F7-4668-BE54-9A1E7A4F7556}") = "Cirilla.CLI", "src\Cirilla.CLI\Cirilla.CLI.csproj", "{7B08CD95-08BD-4B5B-9C0D-0F0B63514668}"
EndProject
Project("{2150E333-8FDC-42A3-9474-1A3956D46DE8}") = "Moji", "Moji", "{A63F0EF0-15DB-42C2-9D0A-25112AAC88C3}"
EndProject
Project("{9A19103F-16F7-4668-BE54-9A1E7A4F7556}") = "Cirilla.Moji.Test", "src\Cirilla.Moji.Test\Cirilla.Moji.Test.csproj", "{B6BCA3E3-C5D3-4BA0-BB2B-1189545C1AE9}"
EndProject
Project("{2150E333-8FDC-42A3-9474-1A3956D46DE8}") = "Solution Items", "Solution Items", "{54A5FB11-ECFD-4853-B98C-4269E94D6A63}"
	ProjectSection(SolutionItems) = preProject
		.editorconfig = .editorconfig
	EndProjectSection
EndProject
Project("{9A19103F-16F7-4668-BE54-9A1E7A4F7556}") = "ShoutoutReset", "src\ShoutoutReset\ShoutoutReset.csproj", "{D27560FD-9DBE-41C8-B7A1-F6092C5BA054}"
EndProject
Project("{FAE04EC0-301F-11D3-BF4B-00C04F79EFBC}") = "ShoutoutReset.WPF", "src\ShoutoutReset.WPF\ShoutoutReset.WPF.csproj", "{B06A639F-6195-4FB8-8F73-A5BD4EDD18DF}"
EndProject
Project("{FAE04EC0-301F-11D3-BF4B-00C04F79EFBC}") = "Cirilla.Steam", "src\Cirilla.Steam\Cirilla.Steam.csproj", "{FFE6C956-02F0-417B-BE1A-E3356A8CC959}"
EndProject
Global
	GlobalSection(SolutionConfigurationPlatforms) = preSolution
		Debug|Any CPU = Debug|Any CPU
		Release|Any CPU = Release|Any CPU
	EndGlobalSection
	GlobalSection(ProjectConfigurationPlatforms) = postSolution
		{504B74E1-6B52-4710-AB83-F08CD8B08782}.Debug|Any CPU.ActiveCfg = Debug|Any CPU
		{504B74E1-6B52-4710-AB83-F08CD8B08782}.Debug|Any CPU.Build.0 = Debug|Any CPU
		{504B74E1-6B52-4710-AB83-F08CD8B08782}.Release|Any CPU.ActiveCfg = Release|Any CPU
		{504B74E1-6B52-4710-AB83-F08CD8B08782}.Release|Any CPU.Build.0 = Release|Any CPU
		{FD8304BD-F468-4229-8627-543085351B56}.Debug|Any CPU.ActiveCfg = Debug|Any CPU
		{FD8304BD-F468-4229-8627-543085351B56}.Debug|Any CPU.Build.0 = Debug|Any CPU
		{FD8304BD-F468-4229-8627-543085351B56}.Release|Any CPU.ActiveCfg = Release|Any CPU
		{FD8304BD-F468-4229-8627-543085351B56}.Release|Any CPU.Build.0 = Release|Any CPU
		{90A5C5B9-B375-4966-8D78-8FEFFC4965C3}.Debug|Any CPU.ActiveCfg = Debug|Any CPU
		{90A5C5B9-B375-4966-8D78-8FEFFC4965C3}.Debug|Any CPU.Build.0 = Debug|Any CPU
		{90A5C5B9-B375-4966-8D78-8FEFFC4965C3}.Release|Any CPU.ActiveCfg = Release|Any CPU
		{90A5C5B9-B375-4966-8D78-8FEFFC4965C3}.Release|Any CPU.Build.0 = Release|Any CPU
		{2CFDDD6E-E73F-4EAB-B15D-B45A56CE2C39}.Debug|Any CPU.ActiveCfg = Debug|Any CPU
		{2CFDDD6E-E73F-4EAB-B15D-B45A56CE2C39}.Debug|Any CPU.Build.0 = Debug|Any CPU
		{2CFDDD6E-E73F-4EAB-B15D-B45A56CE2C39}.Release|Any CPU.ActiveCfg = Release|Any CPU
		{2CFDDD6E-E73F-4EAB-B15D-B45A56CE2C39}.Release|Any CPU.Build.0 = Release|Any CPU
		{0BC469D8-2521-40EE-82F8-3510FBEAFF67}.Debug|Any CPU.ActiveCfg = Debug|Any CPU
		{0BC469D8-2521-40EE-82F8-3510FBEAFF67}.Debug|Any CPU.Build.0 = Debug|Any CPU
		{0BC469D8-2521-40EE-82F8-3510FBEAFF67}.Release|Any CPU.ActiveCfg = Release|Any CPU
		{0BC469D8-2521-40EE-82F8-3510FBEAFF67}.Release|Any CPU.Build.0 = Release|Any CPU
		{D59A0064-A374-46EA-A8CE-4CA16FD9F1CE}.Debug|Any CPU.ActiveCfg = Debug|Any CPU
		{D59A0064-A374-46EA-A8CE-4CA16FD9F1CE}.Debug|Any CPU.Build.0 = Debug|Any CPU
		{D59A0064-A374-46EA-A8CE-4CA16FD9F1CE}.Release|Any CPU.ActiveCfg = Release|Any CPU
		{D59A0064-A374-46EA-A8CE-4CA16FD9F1CE}.Release|Any CPU.Build.0 = Release|Any CPU
		{3EB1B693-2035-4016-8F38-03AE7A688FF7}.Debug|Any CPU.ActiveCfg = Debug|Any CPU
		{3EB1B693-2035-4016-8F38-03AE7A688FF7}.Debug|Any CPU.Build.0 = Debug|Any CPU
		{3EB1B693-2035-4016-8F38-03AE7A688FF7}.Release|Any CPU.ActiveCfg = Release|Any CPU
		{3EB1B693-2035-4016-8F38-03AE7A688FF7}.Release|Any CPU.Build.0 = Release|Any CPU
		{6F9B889E-5D63-4947-ACEB-FCEF2FD9F000}.Debug|Any CPU.ActiveCfg = Debug|Any CPU
		{6F9B889E-5D63-4947-ACEB-FCEF2FD9F000}.Debug|Any CPU.Build.0 = Debug|Any CPU
		{6F9B889E-5D63-4947-ACEB-FCEF2FD9F000}.Release|Any CPU.ActiveCfg = Release|Any CPU
		{6F9B889E-5D63-4947-ACEB-FCEF2FD9F000}.Release|Any CPU.Build.0 = Release|Any CPU
		{942BB253-21BB-4313-B6C8-66C48C81E0DC}.Debug|Any CPU.ActiveCfg = Debug|Any CPU
		{942BB253-21BB-4313-B6C8-66C48C81E0DC}.Debug|Any CPU.Build.0 = Debug|Any CPU
		{942BB253-21BB-4313-B6C8-66C48C81E0DC}.Release|Any CPU.ActiveCfg = Release|Any CPU
		{942BB253-21BB-4313-B6C8-66C48C81E0DC}.Release|Any CPU.Build.0 = Release|Any CPU
		{743F2580-1E3E-43D4-BC3E-EA9D3805D28D}.Debug|Any CPU.ActiveCfg = Debug|Any CPU
		{743F2580-1E3E-43D4-BC3E-EA9D3805D28D}.Debug|Any CPU.Build.0 = Debug|Any CPU
		{743F2580-1E3E-43D4-BC3E-EA9D3805D28D}.Release|Any CPU.ActiveCfg = Release|Any CPU
		{743F2580-1E3E-43D4-BC3E-EA9D3805D28D}.Release|Any CPU.Build.0 = Release|Any CPU
		{7B08CD95-08BD-4B5B-9C0D-0F0B63514668}.Debug|Any CPU.ActiveCfg = Debug|Any CPU
		{7B08CD95-08BD-4B5B-9C0D-0F0B63514668}.Debug|Any CPU.Build.0 = Debug|Any CPU
		{7B08CD95-08BD-4B5B-9C0D-0F0B63514668}.Release|Any CPU.ActiveCfg = Release|Any CPU
		{7B08CD95-08BD-4B5B-9C0D-0F0B63514668}.Release|Any CPU.Build.0 = Release|Any CPU
		{B6BCA3E3-C5D3-4BA0-BB2B-1189545C1AE9}.Debug|Any CPU.ActiveCfg = Debug|Any CPU
		{B6BCA3E3-C5D3-4BA0-BB2B-1189545C1AE9}.Debug|Any CPU.Build.0 = Debug|Any CPU
		{B6BCA3E3-C5D3-4BA0-BB2B-1189545C1AE9}.Release|Any CPU.ActiveCfg = Release|Any CPU
		{B6BCA3E3-C5D3-4BA0-BB2B-1189545C1AE9}.Release|Any CPU.Build.0 = Release|Any CPU
		{D27560FD-9DBE-41C8-B7A1-F6092C5BA054}.Debug|Any CPU.ActiveCfg = Debug|Any CPU
		{D27560FD-9DBE-41C8-B7A1-F6092C5BA054}.Debug|Any CPU.Build.0 = Debug|Any CPU
		{D27560FD-9DBE-41C8-B7A1-F6092C5BA054}.Release|Any CPU.ActiveCfg = Release|Any CPU
		{D27560FD-9DBE-41C8-B7A1-F6092C5BA054}.Release|Any CPU.Build.0 = Release|Any CPU
		{B06A639F-6195-4FB8-8F73-A5BD4EDD18DF}.Debug|Any CPU.ActiveCfg = Debug|Any CPU
		{B06A639F-6195-4FB8-8F73-A5BD4EDD18DF}.Debug|Any CPU.Build.0 = Debug|Any CPU
		{B06A639F-6195-4FB8-8F73-A5BD4EDD18DF}.Release|Any CPU.ActiveCfg = Release|Any CPU
		{B06A639F-6195-4FB8-8F73-A5BD4EDD18DF}.Release|Any CPU.Build.0 = Release|Any CPU
		{FFE6C956-02F0-417B-BE1A-E3356A8CC959}.Debug|Any CPU.ActiveCfg = Debug|Any CPU
		{FFE6C956-02F0-417B-BE1A-E3356A8CC959}.Debug|Any CPU.Build.0 = Debug|Any CPU
		{FFE6C956-02F0-417B-BE1A-E3356A8CC959}.Release|Any CPU.ActiveCfg = Release|Any CPU
		{FFE6C956-02F0-417B-BE1A-E3356A8CC959}.Release|Any CPU.Build.0 = Release|Any CPU
	EndGlobalSection
	GlobalSection(SolutionProperties) = preSolution
		HideSolutionNode = FALSE
	EndGlobalSection
	GlobalSection(NestedProjects) = preSolution
		{FD8304BD-F468-4229-8627-543085351B56} = {DDC1458A-C3E0-41E1-A78C-0ABB9A4ABF41}
		{2CFDDD6E-E73F-4EAB-B15D-B45A56CE2C39} = {DDC1458A-C3E0-41E1-A78C-0ABB9A4ABF41}
		{0BC469D8-2521-40EE-82F8-3510FBEAFF67} = {DDC1458A-C3E0-41E1-A78C-0ABB9A4ABF41}
		{D59A0064-A374-46EA-A8CE-4CA16FD9F1CE} = {DDC1458A-C3E0-41E1-A78C-0ABB9A4ABF41}
		{3EB1B693-2035-4016-8F38-03AE7A688FF7} = {DDC1458A-C3E0-41E1-A78C-0ABB9A4ABF41}
		{942BB253-21BB-4313-B6C8-66C48C81E0DC} = {DDC1458A-C3E0-41E1-A78C-0ABB9A4ABF41}
		{743F2580-1E3E-43D4-BC3E-EA9D3805D28D} = {A63F0EF0-15DB-42C2-9D0A-25112AAC88C3}
		{7B08CD95-08BD-4B5B-9C0D-0F0B63514668} = {DDC1458A-C3E0-41E1-A78C-0ABB9A4ABF41}
		{B6BCA3E3-C5D3-4BA0-BB2B-1189545C1AE9} = {A63F0EF0-15DB-42C2-9D0A-25112AAC88C3}
		{D27560FD-9DBE-41C8-B7A1-F6092C5BA054} = {DDC1458A-C3E0-41E1-A78C-0ABB9A4ABF41}
		{B06A639F-6195-4FB8-8F73-A5BD4EDD18DF} = {DDC1458A-C3E0-41E1-A78C-0ABB9A4ABF41}
	EndGlobalSection
	GlobalSection(ExtensibilityGlobals) = postSolution
		SolutionGuid = {7164D4A3-C8CC-4F9A-982C-205DF18AC35F}
	EndGlobalSection
EndGlobal
